{
  "version": 4,
  "terraform_version": "1.9.5",
  "serial": 36,
  "lineage": "ee9fbf1c-4f2b-dc1c-f685-0a0c87dfd485",
  "outputs": {
    "common_config": {
      "value": {
        "default_region_1": "us-central1",
        "default_region_2": "us-west1"
      },
      "type": [
        "object",
        {
          "default_region_1": "string",
          "default_region_2": "string"
        }
      ]
    },
    "google_container_cluster_bucket": {
      "value": "bkt-us-prj-b-seed-gcp-container-cluster-tfstate-dd4a",
      "type": "string"
    },
    "google_project_bucket": {
      "value": "bkt-us-prj-b-seed-gcp-project-tfstate-dd4a",
      "type": "string"
    },
    "google_region_bucket": {
      "value": "bkt-us-prj-b-seed-gcp-region-tfstate-dd4a",
      "type": "string"
    },
    "google_zone_bucket": {
      "value": "bkt-us-prj-b-seed-gcp-zone-tfstate-dd4a",
      "type": "string"
    },
    "kubernetes_apps_bucket": {
      "value": "bkt-us-prj-b-seed-k8s-apps-tfstate-dd4a",
      "type": "string"
    },
    "seed_bucket": {
      "value": "bkt-us-prj-b-seed-tfstate-dd4a",
      "type": "string"
    }
  },
  "resources": [
    {
      "module": "module.gcs_buckets",
      "mode": "managed",
      "type": "google_storage_bucket",
      "name": "buckets",
      "provider": "provider[\"registry.terraform.io/hashicorp/google\"]",
      "instances": [
        {
          "index_key": "prj-b-seed-gcp-container-cluster-tfstate",
          "schema_version": 0,
          "attributes": {
            "autoclass": [],
            "cors": [],
            "custom_placement_config": [],
            "default_event_based_hold": false,
            "encryption": [],
            "force_destroy": false,
            "id": "bkt-us-prj-b-seed-gcp-container-cluster-tfstate-dd4a",
            "labels": {
              "name": "bkt-us-prj-b-seed-gcp-container-cluster-tfstate"
            },
            "lifecycle_rule": [],
            "location": "US",
            "logging": [],
            "name": "bkt-us-prj-b-seed-gcp-container-cluster-tfstate-dd4a",
            "project": "prj-lab-james-nguyen",
            "public_access_prevention": "inherited",
            "requester_pays": false,
            "retention_policy": [],
            "self_link": "https://www.googleapis.com/storage/v1/b/bkt-us-prj-b-seed-gcp-container-cluster-tfstate-dd4a",
            "soft_delete_policy": [
              {
                "effective_time": "2024-09-10T19:34:53.074Z",
                "retention_duration_seconds": 604800
              }
            ],
            "storage_class": "STANDARD",
            "timeouts": null,
            "uniform_bucket_level_access": true,
            "url": "gs://bkt-us-prj-b-seed-gcp-container-cluster-tfstate-dd4a",
            "versioning": [
              {
                "enabled": false
              }
            ],
            "website": []
          },
          "sensitive_attributes": [],
          "private": "eyJlMmJmYjczMC1lY2FhLTExZTYtOGY4OC0zNDM2M2JjN2M0YzAiOnsiY3JlYXRlIjo2MDAwMDAwMDAwMDAsInJlYWQiOjI0MDAwMDAwMDAwMCwidXBkYXRlIjoyNDAwMDAwMDAwMDB9fQ==",
          "dependencies": [
            "module.gcs_buckets.random_id.bucket_suffix"
          ]
        },
        {
          "index_key": "prj-b-seed-gcp-project-tfstate",
          "schema_version": 0,
          "attributes": {
            "autoclass": [],
            "cors": [],
            "custom_placement_config": [],
            "default_event_based_hold": false,
            "encryption": [],
            "force_destroy": false,
            "id": "bkt-us-prj-b-seed-gcp-project-tfstate-dd4a",
            "labels": {
              "name": "bkt-us-prj-b-seed-gcp-project-tfstate"
            },
            "lifecycle_rule": [],
            "location": "US",
            "logging": [],
            "name": "bkt-us-prj-b-seed-gcp-project-tfstate-dd4a",
            "project": "prj-lab-james-nguyen",
            "public_access_prevention": "inherited",
            "requester_pays": false,
            "retention_policy": [],
            "self_link": "https://www.googleapis.com/storage/v1/b/bkt-us-prj-b-seed-gcp-project-tfstate-dd4a",
            "soft_delete_policy": [
              {
                "effective_time": "2024-09-10T19:34:53.711Z",
                "retention_duration_seconds": 604800
              }
            ],
            "storage_class": "STANDARD",
            "timeouts": null,
            "uniform_bucket_level_access": true,
            "url": "gs://bkt-us-prj-b-seed-gcp-project-tfstate-dd4a",
            "versioning": [
              {
                "enabled": false
              }
            ],
            "website": []
          },
          "sensitive_attributes": [],
          "private": "eyJlMmJmYjczMC1lY2FhLTExZTYtOGY4OC0zNDM2M2JjN2M0YzAiOnsiY3JlYXRlIjo2MDAwMDAwMDAwMDAsInJlYWQiOjI0MDAwMDAwMDAwMCwidXBkYXRlIjoyNDAwMDAwMDAwMDB9fQ==",
          "dependencies": [
            "module.gcs_buckets.random_id.bucket_suffix"
          ]
        },
        {
          "index_key": "prj-b-seed-gcp-region-tfstate",
          "schema_version": 0,
          "attributes": {
            "autoclass": [],
            "cors": [],
            "custom_placement_config": [],
            "default_event_based_hold": false,
            "encryption": [],
            "force_destroy": false,
            "id": "bkt-us-prj-b-seed-gcp-region-tfstate-dd4a",
            "labels": {
              "name": "bkt-us-prj-b-seed-gcp-region-tfstate"
            },
            "lifecycle_rule": [],
            "location": "US",
            "logging": [],
            "name": "bkt-us-prj-b-seed-gcp-region-tfstate-dd4a",
            "project": "prj-lab-james-nguyen",
            "public_access_prevention": "inherited",
            "requester_pays": false,
            "retention_policy": [],
            "self_link": "https://www.googleapis.com/storage/v1/b/bkt-us-prj-b-seed-gcp-region-tfstate-dd4a",
            "soft_delete_policy": [
              {
                "effective_time": "2024-09-10T19:34:55.380Z",
                "retention_duration_seconds": 604800
              }
            ],
            "storage_class": "STANDARD",
            "timeouts": null,
            "uniform_bucket_level_access": true,
            "url": "gs://bkt-us-prj-b-seed-gcp-region-tfstate-dd4a",
            "versioning": [
              {
                "enabled": false
              }
            ],
            "website": []
          },
          "sensitive_attributes": [],
          "private": "eyJlMmJmYjczMC1lY2FhLTExZTYtOGY4OC0zNDM2M2JjN2M0YzAiOnsiY3JlYXRlIjo2MDAwMDAwMDAwMDAsInJlYWQiOjI0MDAwMDAwMDAwMCwidXBkYXRlIjoyNDAwMDAwMDAwMDB9fQ==",
          "dependencies": [
            "module.gcs_buckets.random_id.bucket_suffix"
          ]
        },
        {
          "index_key": "prj-b-seed-gcp-zone-tfstate",
          "schema_version": 0,
          "attributes": {
            "autoclass": [],
            "cors": [],
            "custom_placement_config": [],
            "default_event_based_hold": false,
            "encryption": [],
            "force_destroy": false,
            "id": "bkt-us-prj-b-seed-gcp-zone-tfstate-dd4a",
            "labels": {
              "name": "bkt-us-prj-b-seed-gcp-zone-tfstate"
            },
            "lifecycle_rule": [],
            "location": "US",
            "logging": [],
            "name": "bkt-us-prj-b-seed-gcp-zone-tfstate-dd4a",
            "project": "prj-lab-james-nguyen",
            "public_access_prevention": "inherited",
            "requester_pays": false,
            "retention_policy": [],
            "self_link": "https://www.googleapis.com/storage/v1/b/bkt-us-prj-b-seed-gcp-zone-tfstate-dd4a",
            "soft_delete_policy": [
              {
                "effective_time": "2024-09-10T19:34:55.041Z",
                "retention_duration_seconds": 604800
              }
            ],
            "storage_class": "STANDARD",
            "timeouts": null,
            "uniform_bucket_level_access": true,
            "url": "gs://bkt-us-prj-b-seed-gcp-zone-tfstate-dd4a",
            "versioning": [
              {
                "enabled": false
              }
            ],
            "website": []
          },
          "sensitive_attributes": [],
          "private": "eyJlMmJmYjczMC1lY2FhLTExZTYtOGY4OC0zNDM2M2JjN2M0YzAiOnsiY3JlYXRlIjo2MDAwMDAwMDAwMDAsInJlYWQiOjI0MDAwMDAwMDAwMCwidXBkYXRlIjoyNDAwMDAwMDAwMDB9fQ==",
          "dependencies": [
            "module.gcs_buckets.random_id.bucket_suffix"
          ]
        },
        {
          "index_key": "prj-b-seed-k8s-apps-tfstate",
          "schema_version": 0,
          "attributes": {
            "autoclass": [],
            "cors": [],
            "custom_placement_config": [],
            "default_event_based_hold": false,
            "encryption": [],
            "force_destroy": false,
            "id": "bkt-us-prj-b-seed-k8s-apps-tfstate-dd4a",
            "labels": {
              "name": "bkt-us-prj-b-seed-k8s-apps-tfstate"
            },
            "lifecycle_rule": [],
            "location": "US",
            "logging": [],
            "name": "bkt-us-prj-b-seed-k8s-apps-tfstate-dd4a",
            "project": "prj-lab-james-nguyen",
            "public_access_prevention": "inherited",
            "requester_pays": false,
            "retention_policy": [],
            "self_link": "https://www.googleapis.com/storage/v1/b/bkt-us-prj-b-seed-k8s-apps-tfstate-dd4a",
            "soft_delete_policy": [
              {
                "effective_time": "2024-09-10T19:34:52.413Z",
                "retention_duration_seconds": 604800
              }
            ],
            "storage_class": "STANDARD",
            "timeouts": null,
            "uniform_bucket_level_access": true,
            "url": "gs://bkt-us-prj-b-seed-k8s-apps-tfstate-dd4a",
            "versioning": [
              {
                "enabled": false
              }
            ],
            "website": []
          },
          "sensitive_attributes": [],
          "private": "eyJlMmJmYjczMC1lY2FhLTExZTYtOGY4OC0zNDM2M2JjN2M0YzAiOnsiY3JlYXRlIjo2MDAwMDAwMDAwMDAsInJlYWQiOjI0MDAwMDAwMDAwMCwidXBkYXRlIjoyNDAwMDAwMDAwMDB9fQ==",
          "dependencies": [
            "module.gcs_buckets.random_id.bucket_suffix"
          ]
        },
        {
          "index_key": "prj-b-seed-tfstate",
          "schema_version": 0,
          "attributes": {
            "autoclass": [],
            "cors": [],
            "custom_placement_config": [],
            "default_event_based_hold": false,
            "encryption": [],
            "force_destroy": false,
            "id": "bkt-us-prj-b-seed-tfstate-dd4a",
            "labels": {
              "name": "bkt-us-prj-b-seed-tfstate"
            },
            "lifecycle_rule": [],
            "location": "US",
            "logging": [],
            "name": "bkt-us-prj-b-seed-tfstate-dd4a",
            "project": "prj-lab-james-nguyen",
            "public_access_prevention": "inherited",
            "requester_pays": false,
            "retention_policy": [],
            "self_link": "https://www.googleapis.com/storage/v1/b/bkt-us-prj-b-seed-tfstate-dd4a",
            "soft_delete_policy": [
              {
                "effective_time": "2024-09-10T19:34:54.180Z",
                "retention_duration_seconds": 604800
              }
            ],
            "storage_class": "STANDARD",
            "timeouts": null,
            "uniform_bucket_level_access": true,
            "url": "gs://bkt-us-prj-b-seed-tfstate-dd4a",
            "versioning": [
              {
                "enabled": false
              }
            ],
            "website": []
          },
          "sensitive_attributes": [],
          "private": "eyJlMmJmYjczMC1lY2FhLTExZTYtOGY4OC0zNDM2M2JjN2M0YzAiOnsiY3JlYXRlIjo2MDAwMDAwMDAwMDAsInJlYWQiOjI0MDAwMDAwMDAwMCwidXBkYXRlIjoyNDAwMDAwMDAwMDB9fQ==",
          "dependencies": [
            "module.gcs_buckets.random_id.bucket_suffix"
          ]
        }
      ]
    },
    {
      "module": "module.gcs_buckets",
      "mode": "managed",
      "type": "google_storage_bucket_iam_binding",
      "name": "admins",
      "provider": "provider[\"registry.terraform.io/hashicorp/google\"]",
      "instances": [
        {
          "index_key": "prj-b-seed-gcp-container-cluster-tfstate",
          "schema_version": 0,
          "attributes": {
            "bucket": "b/bkt-us-prj-b-seed-gcp-container-cluster-tfstate-dd4a",
            "condition": [],
            "etag": "CAI=",
            "id": "b/bkt-us-prj-b-seed-gcp-container-cluster-tfstate-dd4a/roles/storage.objectAdmin",
            "members": [
              "group:gcp-do@flyrlabs.com"
            ],
            "role": "roles/storage.objectAdmin"
          },
          "sensitive_attributes": [],
          "private": "bnVsbA==",
          "dependencies": [
            "module.gcs_buckets.google_storage_bucket.buckets",
            "module.gcs_buckets.random_id.bucket_suffix"
          ]
        },
        {
          "index_key": "prj-b-seed-gcp-project-tfstate",
          "schema_version": 0,
          "attributes": {
            "bucket": "b/bkt-us-prj-b-seed-gcp-project-tfstate-dd4a",
            "condition": [],
            "etag": "CAI=",
            "id": "b/bkt-us-prj-b-seed-gcp-project-tfstate-dd4a/roles/storage.objectAdmin",
            "members": [
              "group:gcp-do@flyrlabs.com"
            ],
            "role": "roles/storage.objectAdmin"
          },
          "sensitive_attributes": [],
          "private": "bnVsbA==",
          "dependencies": [
            "module.gcs_buckets.google_storage_bucket.buckets",
            "module.gcs_buckets.random_id.bucket_suffix"
          ]
        },
        {
          "index_key": "prj-b-seed-gcp-region-tfstate",
          "schema_version": 0,
          "attributes": {
            "bucket": "b/bkt-us-prj-b-seed-gcp-region-tfstate-dd4a",
            "condition": [],
            "etag": "CAI=",
            "id": "b/bkt-us-prj-b-seed-gcp-region-tfstate-dd4a/roles/storage.objectAdmin",
            "members": [
              "group:gcp-do@flyrlabs.com"
            ],
            "role": "roles/storage.objectAdmin"
          },
          "sensitive_attributes": [],
          "private": "bnVsbA==",
          "dependencies": [
            "module.gcs_buckets.google_storage_bucket.buckets",
            "module.gcs_buckets.random_id.bucket_suffix"
          ]
        },
        {
          "index_key": "prj-b-seed-gcp-zone-tfstate",
          "schema_version": 0,
          "attributes": {
            "bucket": "b/bkt-us-prj-b-seed-gcp-zone-tfstate-dd4a",
            "condition": [],
            "etag": "CAI=",
            "id": "b/bkt-us-prj-b-seed-gcp-zone-tfstate-dd4a/roles/storage.objectAdmin",
            "members": [
              "group:gcp-do@flyrlabs.com"
            ],
            "role": "roles/storage.objectAdmin"
          },
          "sensitive_attributes": [],
          "private": "bnVsbA==",
          "dependencies": [
            "module.gcs_buckets.google_storage_bucket.buckets",
            "module.gcs_buckets.random_id.bucket_suffix"
          ]
        },
        {
          "index_key": "prj-b-seed-k8s-apps-tfstate",
          "schema_version": 0,
          "attributes": {
            "bucket": "b/bkt-us-prj-b-seed-k8s-apps-tfstate-dd4a",
            "condition": [],
            "etag": "CAI=",
            "id": "b/bkt-us-prj-b-seed-k8s-apps-tfstate-dd4a/roles/storage.objectAdmin",
            "members": [
              "group:gcp-do@flyrlabs.com"
            ],
            "role": "roles/storage.objectAdmin"
          },
          "sensitive_attributes": [],
          "private": "bnVsbA==",
          "dependencies": [
            "module.gcs_buckets.google_storage_bucket.buckets",
            "module.gcs_buckets.random_id.bucket_suffix"
          ]
        },
        {
          "index_key": "prj-b-seed-tfstate",
          "schema_version": 0,
          "attributes": {
            "bucket": "b/bkt-us-prj-b-seed-tfstate-dd4a",
            "condition": [],
            "etag": "CAI=",
            "id": "b/bkt-us-prj-b-seed-tfstate-dd4a/roles/storage.objectAdmin",
            "members": [
              "group:gcp-do@flyrlabs.com"
            ],
            "role": "roles/storage.objectAdmin"
          },
          "sensitive_attributes": [],
          "private": "bnVsbA==",
          "dependencies": [
            "module.gcs_buckets.google_storage_bucket.buckets",
            "module.gcs_buckets.random_id.bucket_suffix"
          ]
        }
      ]
    },
    {
      "module": "module.gcs_buckets",
      "mode": "managed",
      "type": "random_id",
      "name": "bucket_suffix",
      "provider": "provider[\"registry.terraform.io/hashicorp/random\"]",
      "instances": [
        {
          "schema_version": 0,
          "attributes": {
            "b64_std": "3Uo=",
            "b64_url": "3Uo",
            "byte_length": 2,
            "dec": "56650",
            "hex": "dd4a",
            "id": "3Uo",
            "keepers": null,
            "prefix": null
          },
          "sensitive_attributes": []
        }
      ]
    },
    {
      "module": "module.project_services",
      "mode": "managed",
      "type": "google_project_iam_member",
      "name": "project_service_identity_roles",
      "provider": "provider[\"registry.terraform.io/hashicorp/google\"]",
      "instances": [
        {
          "index_key": "container.googleapis.com roles/cloudkms.cryptoKeyDecrypter",
          "schema_version": 0,
          "attributes": {
            "condition": [],
            "etag": "BwYhymUrJtA=",
            "id": "prj-lab-james-nguyen/roles/cloudkms.cryptoKeyDecrypter/serviceAccount:service-324744733732@container-engine-robot.iam.gserviceaccount.com",
            "member": "serviceAccount:service-324744733732@container-engine-robot.iam.gserviceaccount.com",
            "project": "prj-lab-james-nguyen",
            "role": "roles/cloudkms.cryptoKeyDecrypter"
          },
          "sensitive_attributes": [],
          "private": "bnVsbA==",
          "dependencies": [
            "module.project_services.data.google_compute_default_service_account.default",
            "module.project_services.google_project_service_identity.project_service_identities"
          ]
        },
        {
          "index_key": "container.googleapis.com roles/cloudkms.cryptoKeyEncrypter",
          "schema_version": 0,
          "attributes": {
            "condition": [],
            "etag": "BwYhymUrJtA=",
            "id": "prj-lab-james-nguyen/roles/cloudkms.cryptoKeyEncrypter/serviceAccount:service-324744733732@container-engine-robot.iam.gserviceaccount.com",
            "member": "serviceAccount:service-324744733732@container-engine-robot.iam.gserviceaccount.com",
            "project": "prj-lab-james-nguyen",
            "role": "roles/cloudkms.cryptoKeyEncrypter"
          },
          "sensitive_attributes": [],
          "private": "bnVsbA==",
          "dependencies": [
            "module.project_services.data.google_compute_default_service_account.default",
            "module.project_services.google_project_service_identity.project_service_identities"
          ]
        }
      ]
    },
    {
      "module": "module.project_services",
      "mode": "managed",
      "type": "google_project_service",
      "name": "project_services",
      "provider": "provider[\"registry.terraform.io/hashicorp/google\"]",
      "instances": [
        {
          "index_key": "artifactregistry.googleapis.com",
          "schema_version": 0,
          "attributes": {
            "disable_dependent_services": true,
            "disable_on_destroy": false,
            "id": "prj-lab-james-nguyen/artifactregistry.googleapis.com",
            "project": "prj-lab-james-nguyen",
            "service": "artifactregistry.googleapis.com",
            "timeouts": null
          },
          "sensitive_attributes": [],
          "private": "eyJlMmJmYjczMC1lY2FhLTExZTYtOGY4OC0zNDM2M2JjN2M0YzAiOnsiY3JlYXRlIjoxMjAwMDAwMDAwMDAwLCJkZWxldGUiOjEyMDAwMDAwMDAwMDAsInJlYWQiOjYwMDAwMDAwMDAwMCwidXBkYXRlIjoxMjAwMDAwMDAwMDAwfX0="
        },
        {
          "index_key": "certificatemanager.googleapis.com",
          "schema_version": 0,
          "attributes": {
            "disable_dependent_services": true,
            "disable_on_destroy": false,
            "id": "prj-lab-james-nguyen/certificatemanager.googleapis.com",
            "project": "prj-lab-james-nguyen",
            "service": "certificatemanager.googleapis.com",
            "timeouts": null
          },
          "sensitive_attributes": [],
          "private": "eyJlMmJmYjczMC1lY2FhLTExZTYtOGY4OC0zNDM2M2JjN2M0YzAiOnsiY3JlYXRlIjoxMjAwMDAwMDAwMDAwLCJkZWxldGUiOjEyMDAwMDAwMDAwMDAsInJlYWQiOjYwMDAwMDAwMDAwMCwidXBkYXRlIjoxMjAwMDAwMDAwMDAwfX0="
        },
        {
          "index_key": "container.googleapis.com",
          "schema_version": 0,
          "attributes": {
            "disable_dependent_services": true,
            "disable_on_destroy": false,
            "id": "prj-lab-james-nguyen/container.googleapis.com",
            "project": "prj-lab-james-nguyen",
            "service": "container.googleapis.com",
            "timeouts": null
          },
          "sensitive_attributes": [],
          "private": "eyJlMmJmYjczMC1lY2FhLTExZTYtOGY4OC0zNDM2M2JjN2M0YzAiOnsiY3JlYXRlIjoxMjAwMDAwMDAwMDAwLCJkZWxldGUiOjEyMDAwMDAwMDAwMDAsInJlYWQiOjYwMDAwMDAwMDAwMCwidXBkYXRlIjoxMjAwMDAwMDAwMDAwfX0="
        },
        {
          "index_key": "iam.googleapis.com",
          "schema_version": 0,
          "attributes": {
            "disable_dependent_services": true,
            "disable_on_destroy": false,
            "id": "prj-lab-james-nguyen/iam.googleapis.com",
            "project": "prj-lab-james-nguyen",
            "service": "iam.googleapis.com",
            "timeouts": null
          },
          "sensitive_attributes": [],
          "private": "eyJlMmJmYjczMC1lY2FhLTExZTYtOGY4OC0zNDM2M2JjN2M0YzAiOnsiY3JlYXRlIjoxMjAwMDAwMDAwMDAwLCJkZWxldGUiOjEyMDAwMDAwMDAwMDAsInJlYWQiOjYwMDAwMDAwMDAwMCwidXBkYXRlIjoxMjAwMDAwMDAwMDAwfX0="
        },
        {
          "index_key": "iap.googleapis.com",
          "schema_version": 0,
          "attributes": {
            "disable_dependent_services": true,
            "disable_on_destroy": false,
            "id": "prj-lab-james-nguyen/iap.googleapis.com",
            "project": "prj-lab-james-nguyen",
            "service": "iap.googleapis.com",
            "timeouts": null
          },
          "sensitive_attributes": [],
          "private": "eyJlMmJmYjczMC1lY2FhLTExZTYtOGY4OC0zNDM2M2JjN2M0YzAiOnsiY3JlYXRlIjoxMjAwMDAwMDAwMDAwLCJkZWxldGUiOjEyMDAwMDAwMDAwMDAsInJlYWQiOjYwMDAwMDAwMDAwMCwidXBkYXRlIjoxMjAwMDAwMDAwMDAwfX0="
        },
        {
          "index_key": "ids.googleapis.com",
          "schema_version": 0,
          "attributes": {
            "disable_dependent_services": true,
            "disable_on_destroy": false,
            "id": "prj-lab-james-nguyen/ids.googleapis.com",
            "project": "prj-lab-james-nguyen",
            "service": "ids.googleapis.com",
            "timeouts": null
          },
          "sensitive_attributes": [],
          "private": "eyJlMmJmYjczMC1lY2FhLTExZTYtOGY4OC0zNDM2M2JjN2M0YzAiOnsiY3JlYXRlIjoxMjAwMDAwMDAwMDAwLCJkZWxldGUiOjEyMDAwMDAwMDAwMDAsInJlYWQiOjYwMDAwMDAwMDAwMCwidXBkYXRlIjoxMjAwMDAwMDAwMDAwfX0="
        },
        {
          "index_key": "networkservices.googleapis.com",
          "schema_version": 0,
          "attributes": {
            "disable_dependent_services": true,
            "disable_on_destroy": false,
            "id": "prj-lab-james-nguyen/networkservices.googleapis.com",
            "project": "prj-lab-james-nguyen",
            "service": "networkservices.googleapis.com",
            "timeouts": null
          },
          "sensitive_attributes": [],
          "private": "eyJlMmJmYjczMC1lY2FhLTExZTYtOGY4OC0zNDM2M2JjN2M0YzAiOnsiY3JlYXRlIjoxMjAwMDAwMDAwMDAwLCJkZWxldGUiOjEyMDAwMDAwMDAwMDAsInJlYWQiOjYwMDAwMDAwMDAwMCwidXBkYXRlIjoxMjAwMDAwMDAwMDAwfX0="
        },
        {
          "index_key": "secretmanager.googleapis.com",
          "schema_version": 0,
          "attributes": {
            "disable_dependent_services": true,
            "disable_on_destroy": false,
            "id": "prj-lab-james-nguyen/secretmanager.googleapis.com",
            "project": "prj-lab-james-nguyen",
            "service": "secretmanager.googleapis.com",
            "timeouts": null
          },
          "sensitive_attributes": [],
          "private": "eyJlMmJmYjczMC1lY2FhLTExZTYtOGY4OC0zNDM2M2JjN2M0YzAiOnsiY3JlYXRlIjoxMjAwMDAwMDAwMDAwLCJkZWxldGUiOjEyMDAwMDAwMDAwMDAsInJlYWQiOjYwMDAwMDAwMDAwMCwidXBkYXRlIjoxMjAwMDAwMDAwMDAwfX0="
        },
        {
          "index_key": "servicenetworking.googleapis.com",
          "schema_version": 0,
          "attributes": {
            "disable_dependent_services": true,
            "disable_on_destroy": false,
            "id": "prj-lab-james-nguyen/servicenetworking.googleapis.com",
            "project": "prj-lab-james-nguyen",
            "service": "servicenetworking.googleapis.com",
            "timeouts": null
          },
          "sensitive_attributes": [],
          "private": "eyJlMmJmYjczMC1lY2FhLTExZTYtOGY4OC0zNDM2M2JjN2M0YzAiOnsiY3JlYXRlIjoxMjAwMDAwMDAwMDAwLCJkZWxldGUiOjEyMDAwMDAwMDAwMDAsInJlYWQiOjYwMDAwMDAwMDAwMCwidXBkYXRlIjoxMjAwMDAwMDAwMDAwfX0="
        }
      ]
    },
    {
      "module": "module.project_services",
      "mode": "managed",
      "type": "google_project_service_identity",
      "name": "project_service_identities",
      "provider": "provider[\"registry.terraform.io/hashicorp/google-beta\"]",
      "instances": [
        {
          "index_key": "container.googleapis.com",
          "schema_version": 0,
          "attributes": {
            "email": "service-324744733732@container-engine-robot.iam.gserviceaccount.com",
            "id": "projects/prj-lab-james-nguyen/services/container.googleapis.com",
            "member": "serviceAccount:service-324744733732@container-engine-robot.iam.gserviceaccount.com",
            "project": "prj-lab-james-nguyen",
            "service": "container.googleapis.com",
            "timeouts": null
          },
          "sensitive_attributes": [],
          "private": "eyJlMmJmYjczMC1lY2FhLTExZTYtOGY4OC0zNDM2M2JjN2M0YzAiOnsiY3JlYXRlIjoxMjAwMDAwMDAwMDAwLCJkZWxldGUiOjEyMDAwMDAwMDAwMDAsInJlYWQiOjYwMDAwMDAwMDAwMH19"
        }
      ]
    }
  ],
  "check_results": null
}
